{
  "name": "types",
  "version": "0.0.1",
  "lockfileVersion": 3,
  "requires": true,
  "packages": {
    "": {
      "name": "types",
      "version": "0.0.1",
      "license": "ISC",
      "dependencies": {
        "@choosetale/nestia-type": "npm:@ChooseTale/nestia-type@^1.0.1"
      }
    },
    "node_modules/@choosetale/nestia-type": {
      "name": "@ChooseTale/nestia-type",
      "version": "1.0.1",
      "resolved": "https://npm.pkg.github.com/download/@ChooseTale/nestia-type/1.0.1/c71266a5b77be0661e161ec979d590ff5ea387cb",
      "integrity": "sha512-s9NP70p0qMOyGgHiaUXIFAwENM5rYqxFaV/kp4os6d4o4bvqmE06jO0BRBdmjE91ODRzhOIDW7Kzo7VWmjYbwQ==",
      "license": "MIT"
    }
  }
}
